
Microsoft Visual Studio Solution File, Format Version 12.00
# Visual Studio Version 17
VisualStudioVersion = 17.11.35303.130
MinimumVisualStudioVersion = 10.0.40219.1
Project("{FAE04EC0-301F-11D3-BF4B-00C04F79EFBC}") = "Course", "Course.csproj", "{ABE80CE9-0B2F-408F-B50D-D763D71B561B}"
EndProject
Global
	GlobalSection(SolutionConfigurationPlatforms) = preSolution
		Debug|Any CPU = Debug|Any CPU
		Release|Any CPU = Release|Any CPU
	EndGlobalSection
	GlobalSection(ProjectConfigurationPlatforms) = postSolution
		{ABE80CE9-0B2F-408F-B50D-D763D71B561B}.Debug|Any CPU.ActiveCfg = Debug|Any CPU
		{ABE80CE9-0B2F-408F-B50D-D763D71B561B}.Debug|Any CPU.Build.0 = Debug|Any CPU
		{ABE80CE9-0B2F-408F-B50D-D763D71B561B}.Release|Any CPU.ActiveCfg = Release|Any CPU
		{ABE80CE9-0B2F-408F-B50D-D763D71B561B}.Release|Any CPU.Build.0 = Release|Any CPU
	EndGlobalSection
	GlobalSection(SolutionProperties) = preSolution
		HideSolutionNode = FALSE
	EndGlobalSection
	GlobalSection(ExtensibilityGlobals) = postSolution
		SolutionGuid = {67E28410-DD63-42BC-A360-C16480DA2915}
	EndGlobalSection
EndGlobal
